
Microsoft Visual Studio Solution File, Format Version 12.00
# Visual Studio 2012
Project("{D954291E-2A0B-460D-934E-DC6B0785DB48}") = "WebViewRenderer", "WebViewRenderer\WebViewRenderer.shproj", "{97E5313F-CD34-43CC-9D6A-BE0EE985551F}"
EndProject
Project("{FAE04EC0-301F-11D3-BF4B-00C04F79EFBC}") = "WebViewRenderer.iOS", "iOS\WebViewRenderer.iOS.csproj", "{10CDAF55-D57D-450A-B85F-72D2B581A2EB}"
EndProject
Project("{FAE04EC0-301F-11D3-BF4B-00C04F79EFBC}") = "WebViewRenderer.Droid", "Droid\WebViewRenderer.Droid.csproj", "{70116895-99F7-47D0-915F-446668AE9AC7}"
EndProject
Global
	GlobalSection(SolutionConfigurationPlatforms) = preSolution
		Debug|iPhoneSimulator = Debug|iPhoneSimulator
		Release|iPhone = Release|iPhone
		Release|iPhoneSimulator = Release|iPhoneSimulator
		Debug|iPhone = Debug|iPhone
		Debug|Any CPU = Debug|Any CPU
		Release|Any CPU = Release|Any CPU
	EndGlobalSection
	GlobalSection(ProjectConfigurationPlatforms) = postSolution
		{10CDAF55-D57D-450A-B85F-72D2B581A2EB}.Debug|iPhoneSimulator.ActiveCfg = Debug|iPhoneSimulator
		{10CDAF55-D57D-450A-B85F-72D2B581A2EB}.Debug|iPhoneSimulator.Build.0 = Debug|iPhoneSimulator
		{10CDAF55-D57D-450A-B85F-72D2B581A2EB}.Release|iPhone.ActiveCfg = Release|iPhone
		{10CDAF55-D57D-450A-B85F-72D2B581A2EB}.Release|iPhone.Build.0 = Release|iPhone
		{10CDAF55-D57D-450A-B85F-72D2B581A2EB}.Release|iPhoneSimulator.ActiveCfg = Release|iPhoneSimulator
		{10CDAF55-D57D-450A-B85F-72D2B581A2EB}.Release|iPhoneSimulator.Build.0 = Release|iPhoneSimulator
		{10CDAF55-D57D-450A-B85F-72D2B581A2EB}.Debug|iPhone.ActiveCfg = Debug|iPhone
		{10CDAF55-D57D-450A-B85F-72D2B581A2EB}.Debug|iPhone.Build.0 = Debug|iPhone
		{10CDAF55-D57D-450A-B85F-72D2B581A2EB}.Debug|Any CPU.ActiveCfg = Debug|iPhoneSimulator
		{10CDAF55-D57D-450A-B85F-72D2B581A2EB}.Debug|Any CPU.Build.0 = Debug|iPhoneSimulator
		{10CDAF55-D57D-450A-B85F-72D2B581A2EB}.Release|Any CPU.ActiveCfg = Release|iPhone
		{10CDAF55-D57D-450A-B85F-72D2B581A2EB}.Release|Any CPU.Build.0 = Release|iPhone
		{70116895-99F7-47D0-915F-446668AE9AC7}.Debug|iPhoneSimulator.ActiveCfg = Debug|Any CPU
		{70116895-99F7-47D0-915F-446668AE9AC7}.Debug|iPhoneSimulator.Build.0 = Debug|Any CPU
		{70116895-99F7-47D0-915F-446668AE9AC7}.Release|iPhone.ActiveCfg = Release|Any CPU
		{70116895-99F7-47D0-915F-446668AE9AC7}.Release|iPhone.Build.0 = Release|Any CPU
		{70116895-99F7-47D0-915F-446668AE9AC7}.Release|iPhoneSimulator.ActiveCfg = Release|Any CPU
		{70116895-99F7-47D0-915F-446668AE9AC7}.Release|iPhoneSimulator.Build.0 = Release|Any CPU
		{70116895-99F7-47D0-915F-446668AE9AC7}.Debug|iPhone.ActiveCfg = Debug|Any CPU
		{70116895-99F7-47D0-915F-446668AE9AC7}.Debug|iPhone.Build.0 = Debug|Any CPU
		{70116895-99F7-47D0-915F-446668AE9AC7}.Debug|Any CPU.ActiveCfg = Debug|Any CPU
		{70116895-99F7-47D0-915F-446668AE9AC7}.Debug|Any CPU.Build.0 = Debug|Any CPU
		{70116895-99F7-47D0-915F-446668AE9AC7}.Release|Any CPU.ActiveCfg = Release|Any CPU
		{70116895-99F7-47D0-915F-446668AE9AC7}.Release|Any CPU.Build.0 = Release|Any CPU
	EndGlobalSection
EndGlobal
